// !$*UTF8*$!
{
	archiveVersion = 1;
	classes = {
	};
	objectVersion = 48;
	objects = {

/* Begin PBXBuildFile section */
		FE2BFD98206B6E2B0074E933 /* AppDelegate.m in Sources */ = {isa = PBXBuildFile; fileRef = FE2BFD97206B6E2B0074E933 /* AppDelegate.m */; };
		FE2BFD9B206B6E2B0074E933 /* ViewController.m in Sources */ = {isa = PBXBuildFile; fileRef = FE2BFD9A206B6E2B0074E933 /* ViewController.m */; };
		FE2BFD9E206B6E2B0074E933 /* Main.storyboard in Resources */ = {isa = PBXBuildFile; fileRef = FE2BFD9C206B6E2B0074E933 /* Main.storyboard */; };
		FE2BFDA0206B6E2B0074E933 /* Assets.xcassets in Resources */ = {isa = PBXBuildFile; fileRef = FE2BFD9F206B6E2B0074E933 /* Assets.xcassets */; };
		FE2BFDA3206B6E2B0074E933 /* LaunchScreen.storyboard in Resources */ = {isa = PBXBuildFile; fileRef = FE2BFDA1206B6E2B0074E933 /* LaunchScreen.storyboard */; };
		FE2BFDA6206B6E2B0074E933 /* main.m in Sources */ = {isa = PBXBuildFile; fileRef = FE2BFDA5206B6E2B0074E933 /* main.m */; };
		FE2BFDAF206B6E350074E933 /* SPTextField.m in Sources */ = {isa = PBXBuildFile; fileRef = FE2BFDAE206B6E350074E933 /* SPTextField.m */; };
		FE2BFDB1206B81280074E933 /* SPTextField.podspec in Resources */ = {isa = PBXBuildFile; fileRef = FE2BFDB0206B81280074E933 /* SPTextField.podspec */; };
		FE2BFDB3206B82C40074E933 /* LICENSE in Resources */ = {isa = PBXBuildFile; fileRef = FE2BFDB2206B82C40074E933 /* LICENSE */; };
		FE2BFDB5206B84250074E933 /* README.md in Resources */ = {isa = PBXBuildFile; fileRef = FE2BFDB4206B84250074E933 /* README.md */; };
/* End PBXBuildFile section */

/* Begin PBXFileReference section */
		FE2BFD93206B6E2B0074E933 /* SPTextFieldDemo.app */ = {isa = PBXFileReference; explicitFileType = wrapper.application; includeInIndex = 0; path = SPTextFieldDemo.app; sourceTree = BUILT_PRODUCTS_DIR; };
		FE2BFD96206B6E2B0074E933 /* AppDelegate.h */ = {isa = PBXFileReference; lastKnownFileType = sourcecode.c.h; path = AppDelegate.h; sourceTree = "<group>"; };
		FE2BFD97206B6E2B0074E933 /* AppDelegate.m */ = {isa = PBXFileReference; lastKnownFileType = sourcecode.c.objc; path = AppDelegate.m; sourceTree = "<group>"; };
		FE2BFD99206B6E2B0074E933 /* ViewController.h */ = {isa = PBXFileReference; lastKnownFileType = sourcecode.c.h; path = ViewController.h; sourceTree = "<group>"; };
		FE2BFD9A206B6E2B0074E933 /* ViewController.m */ = {isa = PBXFileReference; lastKnownFileType = sourcecode.c.objc; path = ViewController.m; sourceTree = "<group>"; };
		FE2BFD9D206B6E2B0074E933 /* Base */ = {isa = PBXFileReference; lastKnownFileType = file.storyboard; name = Base; path = Base.lproj/Main.storyboard; sourceTree = "<group>"; };
		FE2BFD9F206B6E2B0074E933 /* Assets.xcassets */ = {isa = PBXFileReference; lastKnownFileType = folder.assetcatalog; path = Assets.xcassets; sourceTree = "<group>"; };
		FE2BFDA2206B6E2B0074E933 /* Base */ = {isa = PBXFileReference; lastKnownFileType = file.storyboard; name = Base; path = Base.lproj/LaunchScreen.storyboard; sourceTree = "<group>"; };
		FE2BFDA4206B6E2B0074E933 /* Info.plist */ = {isa = PBXFileReference; lastKnownFileType = text.plist.xml; path = Info.plist; sourceTree = "<group>"; };
		FE2BFDA5206B6E2B0074E933 /* main.m */ = {isa = PBXFileReference; lastKnownFileType = sourcecode.c.objc; path = main.m; sourceTree = "<group>"; };
		FE2BFDAD206B6E350074E933 /* SPTextField.h */ = {isa = PBXFileReference; fileEncoding = 4; lastKnownFileType = sourcecode.c.h; path = SPTextField.h; sourceTree = "<group>"; };
		FE2BFDAE206B6E350074E933 /* SPTextField.m */ = {isa = PBXFileReference; fileEncoding = 4; lastKnownFileType = sourcecode.c.objc; path = SPTextField.m; sourceTree = "<group>"; };
		FE2BFDB0206B81280074E933 /* SPTextField.podspec */ = {isa = PBXFileReference; fileEncoding = 4; lastKnownFileType = text; name = SPTextField.podspec; path = ../SPTextField.podspec; sourceTree = "<group>"; };
		FE2BFDB2206B82C40074E933 /* LICENSE */ = {isa = PBXFileReference; fileEncoding = 4; lastKnownFileType = text; name = LICENSE; path = ../LICENSE; sourceTree = "<group>"; };
		FE2BFDB4206B84250074E933 /* README.md */ = {isa = PBXFileReference; fileEncoding = 4; lastKnownFileType = net.daringfireball.markdown; name = README.md; path = ../README.md; sourceTree = "<group>"; };
/* End PBXFileReference section */

/* Begin PBXFrameworksBuildPhase section */
		FE2BFD90206B6E2B0074E933 /* Frameworks */ = {
			isa = PBXFrameworksBuildPhase;
			buildActionMask = 2147483647;
			files = (
			);
			runOnlyForDeploymentPostprocessing = 0;
		};
/* End PBXFrameworksBuildPhase section */

/* Begin PBXGroup section */
		FE2BFD8A206B6E2B0074E933 = {
			isa = PBXGroup;
			children = (
				FE2BFDB4206B84250074E933 /* README.md */,
				FE2BFDB2206B82C40074E933 /* LICENSE */,
				FE2BFDB0206B81280074E933 /* SPTextField.podspec */,
				FE2BFD95206B6E2B0074E933 /* SPTextFieldDemo */,
				FE2BFD94206B6E2B0074E933 /* Products */,
			);
			sourceTree = "<group>";
		};
		FE2BFD94206B6E2B0074E933 /* Products */ = {
			isa = PBXGroup;
			children = (
				FE2BFD93206B6E2B0074E933 /* SPTextFieldDemo.app */,
			);
			name = Products;
			sourceTree = "<group>";
		};
		FE2BFD95206B6E2B0074E933 /* SPTextFieldDemo */ = {
			isa = PBXGroup;
			children = (
				FE2BFDAC206B6E350074E933 /* SPTextField */,
				FE2BFD96206B6E2B0074E933 /* AppDelegate.h */,
				FE2BFD97206B6E2B0074E933 /* AppDelegate.m */,
				FE2BFD99206B6E2B0074E933 /* ViewController.h */,
				FE2BFD9A206B6E2B0074E933 /* ViewController.m */,
				FE2BFD9C206B6E2B0074E933 /* Main.storyboard */,
				FE2BFD9F206B6E2B0074E933 /* Assets.xcassets */,
				FE2BFDA1206B6E2B0074E933 /* LaunchScreen.storyboard */,
				FE2BFDA4206B6E2B0074E933 /* Info.plist */,
				FE2BFDA5206B6E2B0074E933 /* main.m */,
			);
			path = SPTextFieldDemo;
			sourceTree = "<group>";
		};
		FE2BFDAC206B6E350074E933 /* SPTextField */ = {
			isa = PBXGroup;
			children = (
				FE2BFDAD206B6E350074E933 /* SPTextField.h */,
				FE2BFDAE206B6E350074E933 /* SPTextField.m */,
			);
			name = SPTextField;
			path = ../../SPTextField;
			sourceTree = "<group>";
		};
/* End PBXGroup section */

/* Begin PBXNativeTarget section */
		FE2BFD92206B6E2B0074E933 /* SPTextFieldDemo */ = {
			isa = PBXNativeTarget;
			buildConfigurationList = FE2BFDA9206B6E2B0074E933 /* Build configuration list for PBXNativeTarget "SPTextFieldDemo" */;
			buildPhases = (
				FE2BFD8F206B6E2B0074E933 /* Sources */,
				FE2BFD90206B6E2B0074E933 /* Frameworks */,
				FE2BFD91206B6E2B0074E933 /* Resources */,
			);
			buildRules = (
			);
			dependencies = (
			);
			name = SPTextFieldDemo;
			productName = SPTextFieldDemo;
			productReference = FE2BFD93206B6E2B0074E933 /* SPTextFieldDemo.app */;
			productType = "com.apple.product-type.application";
		};
/* End PBXNativeTarget section */

/* Begin PBXProject section */
		FE2BFD8B206B6E2B0074E933 /* Project object */ = {
			isa = PBXProject;
			attributes = {
				LastUpgradeCheck = 0920;
				ORGANIZATIONNAME = BoWang;
				TargetAttributes = {
					FE2BFD92206B6E2B0074E933 = {
						CreatedOnToolsVersion = 9.2;
						ProvisioningStyle = Automatic;
					};
				};
			};
			buildConfigurationList = FE2BFD8E206B6E2B0074E933 /* Build configuration list for PBXProject "SPTextFieldDemo" */;
			compatibilityVersion = "Xcode 8.0";
			developmentRegion = en;
			hasScannedForEncodings = 0;
			knownRegions = (
				en,
				Base,
			);
			mainGroup = FE2BFD8A206B6E2B0074E933;
			productRefGroup = FE2BFD94206B6E2B0074E933 /* Products */;
			projectDirPath = "";
			projectRoot = "";
			targets = (
				FE2BFD92206B6E2B0074E933 /* SPTextFieldDemo */,
			);
		};
/* End PBXProject section */

/* Begin PBXResourcesBuildPhase section */
		FE2BFD91206B6E2B0074E933 /* Resources */ = {
			isa = PBXResourcesBuildPhase;
			buildActionMask = 2147483647;
			files = (
				FE2BFDB5206B84250074E933 /* README.md in Resources */,
				FE2BFDA3206B6E2B0074E933 /* LaunchScreen.storyboard in Resources */,
				FE2BFDA0206B6E2B0074E933 /* Assets.xcassets in Resources */,
				FE2BFD9E206B6E2B0074E933 /* Main.storyboard in Resources */,
				FE2BFDB1206B81280074E933 /* SPTextField.podspec in Resources */,
				FE2BFDB3206B82C40074E933 /* LICENSE in Resources */,
			);
			runOnlyForDeploymentPostprocessing = 0;
		};
/* End PBXResourcesBuildPhase section */

/* Begin PBXSourcesBuildPhase section */
		FE2BFD8F206B6E2B0074E933 /* Sources */ = {
			isa = PBXSourcesBuildPhase;
			buildActionMask = 2147483647;
			files = (
				FE2BFDAF206B6E350074E933 /* SPTextField.m in Sources */,
				FE2BFD9B206B6E2B0074E933 /* ViewController.m in Sources */,
				FE2BFDA6206B6E2B0074E933 /* main.m in Sources */,
				FE2BFD98206B6E2B0074E933 /* AppDelegate.m in Sources */,
			);
			runOnlyForDeploymentPostprocessing = 0;
		};
/* End PBXSourcesBuildPhase section */

/* Begin PBXVariantGroup section */
		FE2BFD9C206B6E2B0074E933 /* Main.storyboard */ = {
			isa = PBXVariantGroup;
			children = (
				FE2BFD9D206B6E2B0074E933 /* Base */,
			);
			name = Main.storyboard;
			sourceTree = "<group>";
		};
		FE2BFDA1206B6E2B0074E933 /* LaunchScreen.storyboard */ = {
			isa = PBXVariantGroup;
			children = (
				FE2BFDA2206B6E2B0074E933 /* Base */,
			);
			name = LaunchScreen.storyboard;
			sourceTree = "<group>";
		};
/* End PBXVariantGroup section */

/* Begin XCBuildConfiguration section */
		FE2BFDA7206B6E2B0074E933 /* Debug */ = {
			isa = XCBuildConfiguration;
			buildSettings = {
				ALWAYS_SEARCH_USER_PATHS = NO;
				CLANG_ANALYZER_NONNULL = YES;
				CLANG_ANALYZER_NUMBER_OBJECT_CONVERSION = YES_AGGRESSIVE;
				CLANG_CXX_LANGUAGE_STANDARD = "gnu++14";
				CLANG_CXX_LIBRARY = "libc++";
				CLANG_ENABLE_MODULES = YES;
				CLANG_ENABLE_OBJC_ARC = YES;
				CLANG_WARN_BLOCK_CAPTURE_AUTORELEASING = YES;
				CLANG_WARN_BOOL_CONVERSION = YES;
				CLANG_WARN_COMMA = YES;
				CLANG_WARN_CONSTANT_CONVERSION = YES;
				CLANG_WARN_DIRECT_OBJC_ISA_USAGE = YES_ERROR;
				CLANG_WARN_DOCUMENTATION_COMMENTS = YES;
				CLANG_WARN_EMPTY_BODY = YES;
				CLANG_WARN_ENUM_CONVERSION = YES;
				CLANG_WARN_INFINITE_RECURSION = YES;
				CLANG_WARN_INT_CONVERSION = YES;
				CLANG_WARN_NON_LITERAL_NULL_CONVERSION = YES;
				CLANG_WARN_OBJC_LITERAL_CONVERSION = YES;
				CLANG_WARN_OBJC_ROOT_CLASS = YES_ERROR;
				CLANG_WARN_RANGE_LOOP_ANALYSIS = YES;
				CLANG_WARN_STRICT_PROTOTYPES = YES;
				CLANG_WARN_SUSPICIOUS_MOVE = YES;
				CLANG_WARN_UNGUARDED_AVAILABILITY = YES_AGGRESSIVE;
				CLANG_WARN_UNREACHABLE_CODE = YES;
				CLANG_WARN__DUPLICATE_METHOD_MATCH = YES;
				CODE_SIGN_IDENTITY = "iPhone Developer";
				COPY_PHASE_STRIP = NO;
				DEBUG_INFORMATION_FORMAT = dwarf;
				ENABLE_STRICT_OBJC_MSGSEND = YES;
				ENABLE_TESTABILITY = YES;
				GCC_C_LANGUAGE_STANDARD = gnu11;
				GCC_DYNAMIC_NO_PIC = NO;
				GCC_NO_COMMON_BLOCKS = YES;
				GCC_OPTIMIZATION_LEVEL = 0;
				GCC_PREPROCESSOR_DEFINITIONS = (
					"DEBUG=1",
					"$(inherited)",
				);
				GCC_WARN_64_TO_32_BIT_CONVERSION = YES;
				GCC_WARN_ABOUT_RETURN_TYPE = YES_ERROR;
				GCC_WARN_UNDECLARED_SELECTOR = YES;
				GCC_WARN_UNINITIALIZED_AUTOS = YES_AGGRESSIVE;
				GCC_WARN_UNUSED_FUNCTION = YES;
				GCC_WARN_UNUSED_VARIABLE = YES;
				IPHONEOS_DEPLOYMENT_TARGET = 11.2;
				MTL_ENABLE_DEBUG_INFO = YES;
				ONLY_ACTIVE_ARCH = YES;
				SDKROOT = iphoneos;
			};
			name = Debug;
		};
		FE2BFDA8206B6E2B0074E933 /* Release */ = {
			isa = XCBuildConfiguration;
			buildSettings = {
				ALWAYS_SEARCH_USER_PATHS = NO;
				CLANG_ANALYZER_NONNULL = YES;
				CLANG_ANALYZER_NUMBER_OBJECT_CONVERSION = YES_AGGRESSIVE;
				CLANG_CXX_LANGUAGE_STANDARD = "gnu++14";
				CLANG_CXX_LIBRARY = "libc++";
				CLANG_ENABLE_MODULES = YES;
				CLANG_ENABLE_OBJC_ARC = YES;
				CLANG_WARN_BLOCK_CAPTURE_AUTORELEASING = YES;
				CLANG_WARN_BOOL_CONVERSION = YES;
				CLANG_WARN_COMMA = YES;
				CLANG_WARN_CONSTANT_CONVERSION = YES;
				CLANG_WARN_DIRECT_OBJC_ISA_USAGE = YES_ERROR;
				CLANG_WARN_DOCUMENTATION_COMMENTS = YES;
				CLANG_WARN_EMPTY_BODY = YES;
				CLANG_WARN_ENUM_CONVERSION = YES;
				CLANG_WARN_INFINITE_RECURSION = YES;
				CLANG_WARN_INT_CONVERSION = YES;
				CLANG_WARN_NON_LITERAL_NULL_CONVERSION = YES;
				CLANG_WARN_OBJC_LITERAL_CONVERSION = YES;
				CLANG_WARN_OBJC_ROOT_CLASS = YES_ERROR;
				CLANG_WARN_RANGE_LOOP_ANALYSIS = YES;
				CLANG_WARN_STRICT_PROTOTYPES = YES;
				CLANG_WARN_SUSPICIOUS_MOVE = YES;
				CLANG_WARN_UNGUARDED_AVAILABILITY = YES_AGGRESSIVE;
				CLANG_WARN_UNREACHABLE_CODE = YES;
				CLANG_WARN__DUPLICATE_METHOD_MATCH = YES;
				CODE_SIGN_IDENTITY = "iPhone Developer";
				COPY_PHASE_STRIP = NO;
				DEBUG_INFORMATION_FORMAT = "dwarf-with-dsym";
				ENABLE_NS_ASSERTIONS = NO;
				ENABLE_STRICT_OBJC_MSGSEND = YES;
				GCC_C_LANGUAGE_STANDARD = gnu11;
				GCC_NO_COMMON_BLOCKS = YES;
				GCC_WARN_64_TO_32_BIT_CONVERSION = YES;
				GCC_WARN_ABOUT_RETURN_TYPE = YES_ERROR;
				GCC_WARN_UNDECLARED_SELECTOR = YES;
				GCC_WARN_UNINITIALIZED_AUTOS = YES_AGGRESSIVE;
				GCC_WARN_UNUSED_FUNCTION = YES;
				GCC_WARN_UNUSED_VARIABLE = YES;
				IPHONEOS_DEPLOYMENT_TARGET = 11.2;
				MTL_ENABLE_DEBUG_INFO = NO;
				SDKROOT = iphoneos;
				VALIDATE_PRODUCT = YES;
			};
			name = Release;
		};
		FE2BFDAA206B6E2B0074E933 /* Debug */ = {
			isa = XCBuildConfiguration;
			buildSettings = {
				ASSETCATALOG_COMPILER_APPICON_NAME = AppIcon;
				CODE_SIGN_STYLE = Automatic;
				DEVELOPMENT_TEAM = 4C484JNJ85;
				INFOPLIST_FILE = SPTextFieldDemo/Info.plist;
				LD_RUNPATH_SEARCH_PATHS = "$(inherited) @executable_path/Frameworks";
				PRODUCT_BUNDLE_IDENTIFIER = xyz.r4l.SPTextFieldDemo;
				PRODUCT_NAME = "$(TARGET_NAME)";
				TARGETED_DEVICE_FAMILY = "1,2";
			};
			name = Debug;
		};
		FE2BFDAB206B6E2B0074E933 /* Release */ = {
			isa = XCBuildConfiguration;
			buildSettings = {
				ASSETCATALOG_COMPILER_APPICON_NAME = AppIcon;
				CODE_SIGN_STYLE = Automatic;
				DEVELOPMENT_TEAM = 4C484JNJ85;
				INFOPLIST_FILE = SPTextFieldDemo/Info.plist;
				LD_RUNPATH_SEARCH_PATHS = "$(inherited) @executable_path/Frameworks";
				PRODUCT_BUNDLE_IDENTIFIER = xyz.r4l.SPTextFieldDemo;
				PRODUCT_NAME = "$(TARGET_NAME)";
				TARGETED_DEVICE_FAMILY = "1,2";
			};
			name = Release;
		};
/* End XCBuildConfiguration section */

/* Begin XCConfigurationList section */
		FE2BFD8E206B6E2B0074E933 /* Build configuration list for PBXProject "SPTextFieldDemo" */ = {
			isa = XCConfigurationList;
			buildConfigurations = (
				FE2BFDA7206B6E2B0074E933 /* Debug */,
				FE2BFDA8206B6E2B0074E933 /* Release */,
			);
			defaultConfigurationIsVisible = 0;
			defaultConfigurationName = Release;
		};
		FE2BFDA9206B6E2B0074E933 /* Build configuration list for PBXNativeTarget "SPTextFieldDemo" */ = {
			isa = XCConfigurationList;
			buildConfigurations = (
				FE2BFDAA206B6E2B0074E933 /* Debug */,
				FE2BFDAB206B6E2B0074E933 /* Release */,
			);
			defaultConfigurationIsVisible = 0;
			defaultConfigurationName = Release;
		};
/* End XCConfigurationList section */
	};
	rootObject = FE2BFD8B206B6E2B0074E933 /* Project object */;
}
